
Microsoft Visual Studio Solution File, Format Version 12.00
# Visual Studio Version 17
VisualStudioVersion = 17.13.35919.96 d17.13
MinimumVisualStudioVersion = 10.0.40219.1
Project("{FAE04EC0-301F-11D3-BF4B-00C04F79EFBC}") = "CollectioProject", "CollectioProject.csproj", "{7C058909-E94F-4458-9191-D5A0999FE1E0}"
EndProject
Global
	GlobalSection(SolutionConfigurationPlatforms) = preSolution
		Debug|Any CPU = Debug|Any CPU
		Release|Any CPU = Release|Any CPU
	EndGlobalSection
	GlobalSection(ProjectConfigurationPlatforms) = postSolution
		{7C058909-E94F-4458-9191-D5A0999FE1E0}.Debug|Any CPU.ActiveCfg = Debug|Any CPU
		{7C058909-E94F-4458-9191-D5A0999FE1E0}.Debug|Any CPU.Build.0 = Debug|Any CPU
		{7C058909-E94F-4458-9191-D5A0999FE1E0}.Release|Any CPU.ActiveCfg = Release|Any CPU
		{7C058909-E94F-4458-9191-D5A0999FE1E0}.Release|Any CPU.Build.0 = Release|Any CPU
	EndGlobalSection
	GlobalSection(SolutionProperties) = preSolution
		HideSolutionNode = FALSE
	EndGlobalSection
	GlobalSection(ExtensibilityGlobals) = postSolution
		SolutionGuid = {31E83660-8A24-4FE5-8FB1-83A3F1EA768B}
	EndGlobalSection
EndGlobal
